
Microsoft Visual Studio Solution File, Format Version 12.00
# Visual Studio Version 16
VisualStudioVersion = 16.0.29001.49
MinimumVisualStudioVersion = 10.0.40219.1
Project("{2150E333-8FDC-42A3-9474-1A3956D46DE8}") = "1.Configuration", "1.Configuration", "{16427B79-BE87-4F36-9DC1-979D5F114D9F}"
EndProject
Project("{2150E333-8FDC-42A3-9474-1A3956D46DE8}") = "2.WebApi", "2.WebApi", "{90C6E066-6F53-4127-B7BA-6B64B5F43557}"
EndProject
Project("{2150E333-8FDC-42A3-9474-1A3956D46DE8}") = "3.Domain", "3.Domain", "{EF2FC08B-B7AA-4056-B9B4-38B7A95E3072}"
EndProject
Project("{2150E333-8FDC-42A3-9474-1A3956D46DE8}") = "4.Framework", "4.Framework", "{E1CFF3C3-865C-4C4F-B333-AF1DF6168539}"
EndProject
Project("{2150E333-8FDC-42A3-9474-1A3956D46DE8}") = "5.Common", "5.Common", "{B31EB576-06C8-455F-B440-BA7001E99421}"
EndProject
Project("{2150E333-8FDC-42A3-9474-1A3956D46DE8}") = "6.Models", "6.Models", "{FAF48B79-D7A2-4FBD-83C1-758AA91CFD43}"
EndProject
Project("{2150E333-8FDC-42A3-9474-1A3956D46DE8}") = "7.FileManager", "7.FileManager", "{23D57075-9668-408D-952C-ED011C029FBC}"
EndProject
Project("{2150E333-8FDC-42A3-9474-1A3956D46DE8}") = "8.Task", "8.Task", "{1D5F6F3B-D247-4E4F-9DA5-7C7049E34C86}"
EndProject
Project("{9A19103F-16F7-4668-BE54-9A1E7A4F7556}") = "BooksBorrow.AppConfiguration", "BooksBorrow.AppConfiguration\BooksBorrow.AppConfiguration.csproj", "{A22C4764-C1F7-43EC-8C72-BF07E96DD5B8}"
EndProject
Project("{9A19103F-16F7-4668-BE54-9A1E7A4F7556}") = "BooksBorrow.RuntimeConfiguration", "BooksBorrow.RuntimeConfiguration\BooksBorrow.RuntimeConfiguration.csproj", "{F0889551-5648-4BCC-A4E5-636221E95DA5}"
EndProject
Project("{9A19103F-16F7-4668-BE54-9A1E7A4F7556}") = "BooksBorrow.InjectFramework", "BooksBorrow.InjectFramework\BooksBorrow.InjectFramework.csproj", "{45E55648-5B0F-445D-A7C3-0067A4C70AFD}"
EndProject
Project("{9A19103F-16F7-4668-BE54-9A1E7A4F7556}") = "BooksBorrow.Common", "BooksBorrow.Common\BooksBorrow.Common.csproj", "{59C58B65-37ED-406B-8544-860D1AF006DE}"
EndProject
Project("{9A19103F-16F7-4668-BE54-9A1E7A4F7556}") = "BooksBorrow.Common.Enums", "BooksBorrow,Common.Enums\BooksBorrow.Common.Enums.csproj", "{A77E8D4A-66FE-4BE7-9576-8884B250BDBB}"
EndProject
Project("{9A19103F-16F7-4668-BE54-9A1E7A4F7556}") = "BooksBorrow.Domain.Core", "BooksBorrow.Domain.Core\BooksBorrow.Domain.Core.csproj", "{21309EBD-EC22-4060-AC7F-FF7ADB8CA02F}"
EndProject
Project("{9A19103F-16F7-4668-BE54-9A1E7A4F7556}") = "BooksBorrow.Database", "BooksBorrow.Database\BooksBorrow.Database.csproj", "{A718CA1A-B546-4A0F-B971-A9FA131C492C}"
EndProject
Project("{9A19103F-16F7-4668-BE54-9A1E7A4F7556}") = "BooksBorrow.Database.POCO", "BooksBorrow.Database.POCO\BooksBorrow.Database.POCO.csproj", "{DFB79AC8-12BB-41A1-BBFF-210B85AC5AF2}"
EndProject
Project("{9A19103F-16F7-4668-BE54-9A1E7A4F7556}") = "BooksBorrow.Contracts", "BooksBorrow.Contracts\BooksBorrow.Contracts.csproj", "{64305840-E61B-46B8-BC0C-733ED368D1AD}"
EndProject
Project("{9A19103F-16F7-4668-BE54-9A1E7A4F7556}") = "BooksBorrow.FileManager", "BooksBorrow.FileManager\BooksBorrow.FileManager.csproj", "{701980AC-1EC2-4AE8-9AEB-1655CE7D1629}"
EndProject
Project("{9A19103F-16F7-4668-BE54-9A1E7A4F7556}") = "BooksBorrow.DocumentConvert", "BooksBorrow.DocumentConvert\BooksBorrow.DocumentConvert.csproj", "{F2DBE412-A156-42C8-AFBF-994DF44EF20D}"
EndProject
Project("{9A19103F-16F7-4668-BE54-9A1E7A4F7556}") = "BooksBorrow.WebApi.DTO", "BooksBorrow.WebApi.DTO\BooksBorrow.WebApi.DTO.csproj", "{5127DDF3-40F2-4372-9572-6EA87DE76619}"
EndProject
Project("{9A19103F-16F7-4668-BE54-9A1E7A4F7556}") = "BooksBorrow.Security.Bearer", "BooksBorrow.Security.Bearer\BooksBorrow.Security.Bearer.csproj", "{B1C04684-DC7C-4BC7-94CC-79721A5194CF}"
EndProject
Project("{9A19103F-16F7-4668-BE54-9A1E7A4F7556}") = "BooksBorrow.Middlewares", "BooksBorrow.Middlewares\BooksBorrow.Middlewares.csproj", "{6EFBE7BA-E174-4235-8AC5-F568F000CF85}"
EndProject
Project("{FAE04EC0-301F-11D3-BF4B-00C04F79EFBC}") = "BooksBorrow.WebApi", "BooksBorrow.WebApi\BooksBorrow.WebApi.csproj", "{46CEE741-FE14-4A15-91B2-40F8FA30CBC5}"
EndProject
Global
	GlobalSection(SolutionConfigurationPlatforms) = preSolution
		Debug|Any CPU = Debug|Any CPU
		Release|Any CPU = Release|Any CPU
	EndGlobalSection
	GlobalSection(ProjectConfigurationPlatforms) = postSolution
		{A22C4764-C1F7-43EC-8C72-BF07E96DD5B8}.Debug|Any CPU.ActiveCfg = Debug|Any CPU
		{A22C4764-C1F7-43EC-8C72-BF07E96DD5B8}.Debug|Any CPU.Build.0 = Debug|Any CPU
		{A22C4764-C1F7-43EC-8C72-BF07E96DD5B8}.Release|Any CPU.ActiveCfg = Release|Any CPU
		{A22C4764-C1F7-43EC-8C72-BF07E96DD5B8}.Release|Any CPU.Build.0 = Release|Any CPU
		{F0889551-5648-4BCC-A4E5-636221E95DA5}.Debug|Any CPU.ActiveCfg = Debug|Any CPU
		{F0889551-5648-4BCC-A4E5-636221E95DA5}.Debug|Any CPU.Build.0 = Debug|Any CPU
		{F0889551-5648-4BCC-A4E5-636221E95DA5}.Release|Any CPU.ActiveCfg = Release|Any CPU
		{F0889551-5648-4BCC-A4E5-636221E95DA5}.Release|Any CPU.Build.0 = Release|Any CPU
		{45E55648-5B0F-445D-A7C3-0067A4C70AFD}.Debug|Any CPU.ActiveCfg = Debug|Any CPU
		{45E55648-5B0F-445D-A7C3-0067A4C70AFD}.Debug|Any CPU.Build.0 = Debug|Any CPU
		{45E55648-5B0F-445D-A7C3-0067A4C70AFD}.Release|Any CPU.ActiveCfg = Release|Any CPU
		{45E55648-5B0F-445D-A7C3-0067A4C70AFD}.Release|Any CPU.Build.0 = Release|Any CPU
		{59C58B65-37ED-406B-8544-860D1AF006DE}.Debug|Any CPU.ActiveCfg = Debug|Any CPU
		{59C58B65-37ED-406B-8544-860D1AF006DE}.Debug|Any CPU.Build.0 = Debug|Any CPU
		{59C58B65-37ED-406B-8544-860D1AF006DE}.Release|Any CPU.ActiveCfg = Release|Any CPU
		{59C58B65-37ED-406B-8544-860D1AF006DE}.Release|Any CPU.Build.0 = Release|Any CPU
		{A77E8D4A-66FE-4BE7-9576-8884B250BDBB}.Debug|Any CPU.ActiveCfg = Debug|Any CPU
		{A77E8D4A-66FE-4BE7-9576-8884B250BDBB}.Debug|Any CPU.Build.0 = Debug|Any CPU
		{A77E8D4A-66FE-4BE7-9576-8884B250BDBB}.Release|Any CPU.ActiveCfg = Release|Any CPU
		{A77E8D4A-66FE-4BE7-9576-8884B250BDBB}.Release|Any CPU.Build.0 = Release|Any CPU
		{21309EBD-EC22-4060-AC7F-FF7ADB8CA02F}.Debug|Any CPU.ActiveCfg = Debug|Any CPU
		{21309EBD-EC22-4060-AC7F-FF7ADB8CA02F}.Debug|Any CPU.Build.0 = Debug|Any CPU
		{21309EBD-EC22-4060-AC7F-FF7ADB8CA02F}.Release|Any CPU.ActiveCfg = Release|Any CPU
		{21309EBD-EC22-4060-AC7F-FF7ADB8CA02F}.Release|Any CPU.Build.0 = Release|Any CPU
		{A718CA1A-B546-4A0F-B971-A9FA131C492C}.Debug|Any CPU.ActiveCfg = Debug|Any CPU
		{A718CA1A-B546-4A0F-B971-A9FA131C492C}.Debug|Any CPU.Build.0 = Debug|Any CPU
		{A718CA1A-B546-4A0F-B971-A9FA131C492C}.Release|Any CPU.ActiveCfg = Release|Any CPU
		{A718CA1A-B546-4A0F-B971-A9FA131C492C}.Release|Any CPU.Build.0 = Release|Any CPU
		{DFB79AC8-12BB-41A1-BBFF-210B85AC5AF2}.Debug|Any CPU.ActiveCfg = Debug|Any CPU
		{DFB79AC8-12BB-41A1-BBFF-210B85AC5AF2}.Debug|Any CPU.Build.0 = Debug|Any CPU
		{DFB79AC8-12BB-41A1-BBFF-210B85AC5AF2}.Release|Any CPU.ActiveCfg = Release|Any CPU
		{DFB79AC8-12BB-41A1-BBFF-210B85AC5AF2}.Release|Any CPU.Build.0 = Release|Any CPU
		{64305840-E61B-46B8-BC0C-733ED368D1AD}.Debug|Any CPU.ActiveCfg = Debug|Any CPU
		{64305840-E61B-46B8-BC0C-733ED368D1AD}.Debug|Any CPU.Build.0 = Debug|Any CPU
		{64305840-E61B-46B8-BC0C-733ED368D1AD}.Release|Any CPU.ActiveCfg = Release|Any CPU
		{64305840-E61B-46B8-BC0C-733ED368D1AD}.Release|Any CPU.Build.0 = Release|Any CPU
		{701980AC-1EC2-4AE8-9AEB-1655CE7D1629}.Debug|Any CPU.ActiveCfg = Debug|Any CPU
		{701980AC-1EC2-4AE8-9AEB-1655CE7D1629}.Debug|Any CPU.Build.0 = Debug|Any CPU
		{701980AC-1EC2-4AE8-9AEB-1655CE7D1629}.Release|Any CPU.ActiveCfg = Release|Any CPU
		{701980AC-1EC2-4AE8-9AEB-1655CE7D1629}.Release|Any CPU.Build.0 = Release|Any CPU
		{F2DBE412-A156-42C8-AFBF-994DF44EF20D}.Debug|Any CPU.ActiveCfg = Debug|Any CPU
		{F2DBE412-A156-42C8-AFBF-994DF44EF20D}.Debug|Any CPU.Build.0 = Debug|Any CPU
		{F2DBE412-A156-42C8-AFBF-994DF44EF20D}.Release|Any CPU.ActiveCfg = Release|Any CPU
		{F2DBE412-A156-42C8-AFBF-994DF44EF20D}.Release|Any CPU.Build.0 = Release|Any CPU
		{5127DDF3-40F2-4372-9572-6EA87DE76619}.Debug|Any CPU.ActiveCfg = Debug|Any CPU
		{5127DDF3-40F2-4372-9572-6EA87DE76619}.Debug|Any CPU.Build.0 = Debug|Any CPU
		{5127DDF3-40F2-4372-9572-6EA87DE76619}.Release|Any CPU.ActiveCfg = Release|Any CPU
		{5127DDF3-40F2-4372-9572-6EA87DE76619}.Release|Any CPU.Build.0 = Release|Any CPU
		{B1C04684-DC7C-4BC7-94CC-79721A5194CF}.Debug|Any CPU.ActiveCfg = Debug|Any CPU
		{B1C04684-DC7C-4BC7-94CC-79721A5194CF}.Debug|Any CPU.Build.0 = Debug|Any CPU
		{B1C04684-DC7C-4BC7-94CC-79721A5194CF}.Release|Any CPU.ActiveCfg = Release|Any CPU
		{B1C04684-DC7C-4BC7-94CC-79721A5194CF}.Release|Any CPU.Build.0 = Release|Any CPU
		{6EFBE7BA-E174-4235-8AC5-F568F000CF85}.Debug|Any CPU.ActiveCfg = Debug|Any CPU
		{6EFBE7BA-E174-4235-8AC5-F568F000CF85}.Debug|Any CPU.Build.0 = Debug|Any CPU
		{6EFBE7BA-E174-4235-8AC5-F568F000CF85}.Release|Any CPU.ActiveCfg = Release|Any CPU
		{6EFBE7BA-E174-4235-8AC5-F568F000CF85}.Release|Any CPU.Build.0 = Release|Any CPU
		{46CEE741-FE14-4A15-91B2-40F8FA30CBC5}.Debug|Any CPU.ActiveCfg = Debug|Any CPU
		{46CEE741-FE14-4A15-91B2-40F8FA30CBC5}.Debug|Any CPU.Build.0 = Debug|Any CPU
		{46CEE741-FE14-4A15-91B2-40F8FA30CBC5}.Release|Any CPU.ActiveCfg = Release|Any CPU
		{46CEE741-FE14-4A15-91B2-40F8FA30CBC5}.Release|Any CPU.Build.0 = Release|Any CPU
	EndGlobalSection
	GlobalSection(SolutionProperties) = preSolution
		HideSolutionNode = FALSE
	EndGlobalSection
	GlobalSection(NestedProjects) = preSolution
		{A22C4764-C1F7-43EC-8C72-BF07E96DD5B8} = {16427B79-BE87-4F36-9DC1-979D5F114D9F}
		{F0889551-5648-4BCC-A4E5-636221E95DA5} = {16427B79-BE87-4F36-9DC1-979D5F114D9F}
		{45E55648-5B0F-445D-A7C3-0067A4C70AFD} = {E1CFF3C3-865C-4C4F-B333-AF1DF6168539}
		{59C58B65-37ED-406B-8544-860D1AF006DE} = {B31EB576-06C8-455F-B440-BA7001E99421}
		{A77E8D4A-66FE-4BE7-9576-8884B250BDBB} = {B31EB576-06C8-455F-B440-BA7001E99421}
		{21309EBD-EC22-4060-AC7F-FF7ADB8CA02F} = {EF2FC08B-B7AA-4056-B9B4-38B7A95E3072}
		{A718CA1A-B546-4A0F-B971-A9FA131C492C} = {EF2FC08B-B7AA-4056-B9B4-38B7A95E3072}
		{DFB79AC8-12BB-41A1-BBFF-210B85AC5AF2} = {EF2FC08B-B7AA-4056-B9B4-38B7A95E3072}
		{64305840-E61B-46B8-BC0C-733ED368D1AD} = {1D5F6F3B-D247-4E4F-9DA5-7C7049E34C86}
		{701980AC-1EC2-4AE8-9AEB-1655CE7D1629} = {23D57075-9668-408D-952C-ED011C029FBC}
		{F2DBE412-A156-42C8-AFBF-994DF44EF20D} = {23D57075-9668-408D-952C-ED011C029FBC}
		{5127DDF3-40F2-4372-9572-6EA87DE76619} = {FAF48B79-D7A2-4FBD-83C1-758AA91CFD43}
		{B1C04684-DC7C-4BC7-94CC-79721A5194CF} = {E1CFF3C3-865C-4C4F-B333-AF1DF6168539}
		{6EFBE7BA-E174-4235-8AC5-F568F000CF85} = {E1CFF3C3-865C-4C4F-B333-AF1DF6168539}
		{46CEE741-FE14-4A15-91B2-40F8FA30CBC5} = {90C6E066-6F53-4127-B7BA-6B64B5F43557}
	EndGlobalSection
	GlobalSection(ExtensibilityGlobals) = postSolution
		SolutionGuid = {FAE830C8-49F0-4996-ADDA-7C5027918465}
	EndGlobalSection
EndGlobal
